
Microsoft Visual Studio Solution File, Format Version 12.00
# Visual Studio Version 16
VisualStudioVersion = 16.0.30011.22
MinimumVisualStudioVersion = 10.0.40219.1
Project("{9A19103F-16F7-4668-BE54-9A1E7A4F7556}") = "Wba.Oefening.RateAMovie.Web", "Wba.Oefening.RateAMovie.Web\Wba.Oefening.RateAMovie.Web.csproj", "{8018824A-C9B2-4B42-AD2C-422A414AD7F4}"
EndProject
Project("{9A19103F-16F7-4668-BE54-9A1E7A4F7556}") = "Wba.Oefening.RateAMovie.Core", "Wba.Oefening.MovieRelations.Core\Wba.Oefening.RateAMovie.Core.csproj", "{F3E7D541-7D0B-488B-8261-296B586EA540}"
EndProject
Global
	GlobalSection(SolutionConfigurationPlatforms) = preSolution
		Debug|Any CPU = Debug|Any CPU
		Release|Any CPU = Release|Any CPU
	EndGlobalSection
	GlobalSection(ProjectConfigurationPlatforms) = postSolution
		{8018824A-C9B2-4B42-AD2C-422A414AD7F4}.Debug|Any CPU.ActiveCfg = Debug|Any CPU
		{8018824A-C9B2-4B42-AD2C-422A414AD7F4}.Debug|Any CPU.Build.0 = Debug|Any CPU
		{8018824A-C9B2-4B42-AD2C-422A414AD7F4}.Release|Any CPU.ActiveCfg = Release|Any CPU
		{8018824A-C9B2-4B42-AD2C-422A414AD7F4}.Release|Any CPU.Build.0 = Release|Any CPU
		{F3E7D541-7D0B-488B-8261-296B586EA540}.Debug|Any CPU.ActiveCfg = Debug|Any CPU
		{F3E7D541-7D0B-488B-8261-296B586EA540}.Debug|Any CPU.Build.0 = Debug|Any CPU
		{F3E7D541-7D0B-488B-8261-296B586EA540}.Release|Any CPU.ActiveCfg = Release|Any CPU
		{F3E7D541-7D0B-488B-8261-296B586EA540}.Release|Any CPU.Build.0 = Release|Any CPU
	EndGlobalSection
	GlobalSection(SolutionProperties) = preSolution
		HideSolutionNode = FALSE
	EndGlobalSection
	GlobalSection(ExtensibilityGlobals) = postSolution
		SolutionGuid = {D73638EC-220F-489E-835C-CBC77EBCC0CE}
	EndGlobalSection
EndGlobal
